// !$*UTF8*$!
{
	archiveVersion = 1;
	classes = {
	};
	objectVersion = 51;
	objects = {

/* Begin PBXBuildFile section */
		741412462453592E0059E0A6 /* AppDelegate.swift in Sources */ = {isa = PBXBuildFile; fileRef = 741412452453592E0059E0A6 /* AppDelegate.swift */; };
		741412482453592E0059E0A6 /* SceneDelegate.swift in Sources */ = {isa = PBXBuildFile; fileRef = 741412472453592E0059E0A6 /* SceneDelegate.swift */; };
		7414124A2453592E0059E0A6 /* MessagesController.swift in Sources */ = {isa = PBXBuildFile; fileRef = 741412492453592E0059E0A6 /* MessagesController.swift */; };
		7414124D2453592E0059E0A6 /* Main.storyboard in Resources */ = {isa = PBXBuildFile; fileRef = 7414124B2453592E0059E0A6 /* Main.storyboard */; };
		7414124F245359350059E0A6 /* Assets.xcassets in Resources */ = {isa = PBXBuildFile; fileRef = 7414124E245359350059E0A6 /* Assets.xcassets */; };
		74141252245359350059E0A6 /* LaunchScreen.storyboard in Resources */ = {isa = PBXBuildFile; fileRef = 74141250245359350059E0A6 /* LaunchScreen.storyboard */; };
		7414125A245362560059E0A6 /* LoginController.swift in Sources */ = {isa = PBXBuildFile; fileRef = 74141259245362560059E0A6 /* LoginController.swift */; };
		7414125C2453673A0059E0A6 /* GoogleService-Info.plist in Resources */ = {isa = PBXBuildFile; fileRef = 7414125B2453673A0059E0A6 /* GoogleService-Info.plist */; };
		7414125E245367990059E0A6 /* LoginController+handlers.swift in Sources */ = {isa = PBXBuildFile; fileRef = 7414125D245367990059E0A6 /* LoginController+handlers.swift */; };
		74141262245368270059E0A6 /* Extensions.swift in Sources */ = {isa = PBXBuildFile; fileRef = 74141261245368270059E0A6 /* Extensions.swift */; };
		74141267245368770059E0A6 /* User.swift in Sources */ = {isa = PBXBuildFile; fileRef = 74141266245368770059E0A6 /* User.swift */; };
		7414126A245369DE0059E0A6 /* NewMessageController.swift in Sources */ = {isa = PBXBuildFile; fileRef = 74141269245369DE0059E0A6 /* NewMessageController.swift */; };
		7414126F24538C130059E0A6 /* UserCell.swift in Sources */ = {isa = PBXBuildFile; fileRef = 7414126E24538C130059E0A6 /* UserCell.swift */; };
		741412712453956B0059E0A6 /* Message.swift in Sources */ = {isa = PBXBuildFile; fileRef = 741412702453956B0059E0A6 /* Message.swift */; };
		74141273245435DA0059E0A6 /* ChatLogController.swift in Sources */ = {isa = PBXBuildFile; fileRef = 74141272245435DA0059E0A6 /* ChatLogController.swift */; };
		74141275245468A30059E0A6 /* MessageCell.swift in Sources */ = {isa = PBXBuildFile; fileRef = 74141274245468A30059E0A6 /* MessageCell.swift */; };
		74E8F801245F12EA00B51A31 /* TutorialScreenViewController.swift in Sources */ = {isa = PBXBuildFile; fileRef = 74E8F800245F12EA00B51A31 /* TutorialScreenViewController.swift */; };
		74E8F80C245F143900B51A31 /* TutorialCell.swift in Sources */ = {isa = PBXBuildFile; fileRef = 74E8F80B245F143900B51A31 /* TutorialCell.swift */; };
		74E8F811245F245900B51A31 /* settings.json in Resources */ = {isa = PBXBuildFile; fileRef = 74E8F80E245F245400B51A31 /* settings.json */; };
		74E8F812245F245900B51A31 /* task.json in Resources */ = {isa = PBXBuildFile; fileRef = 74E8F80F245F245600B51A31 /* task.json */; };
		74E8F813245F245900B51A31 /* working.json in Resources */ = {isa = PBXBuildFile; fileRef = 74E8F810245F245900B51A31 /* working.json */; };
		74E8F819245F248F00B51A31 /* management.json in Resources */ = {isa = PBXBuildFile; fileRef = 74E8F814245F248500B51A31 /* management.json */; };
		74E8F81A245F248F00B51A31 /* chart.json in Resources */ = {isa = PBXBuildFile; fileRef = 74E8F815245F248800B51A31 /* chart.json */; };
		74E8F81B245F248F00B51A31 /* analytics.json in Resources */ = {isa = PBXBuildFile; fileRef = 74E8F816245F248A00B51A31 /* analytics.json */; };
		74E8F81C245F248F00B51A31 /* completingTasks.json in Resources */ = {isa = PBXBuildFile; fileRef = 74E8F817245F248C00B51A31 /* completingTasks.json */; };
		74E8F81D245F248F00B51A31 /* editing.json in Resources */ = {isa = PBXBuildFile; fileRef = 74E8F818245F248F00B51A31 /* editing.json */; };
		AA70265EA6A1F7925951172D /* Pods_Messenger.framework in Frameworks */ = {isa = PBXBuildFile; fileRef = 50C59CBEE812151ED6A7860F /* Pods_Messenger.framework */; };
/* End PBXBuildFile section */

/* Begin PBXFileReference section */
		4427FC9521623E420F541FB1 /* Pods-Messenger.debug.xcconfig */ = {isa = PBXFileReference; includeInIndex = 1; lastKnownFileType = text.xcconfig; name = "Pods-Messenger.debug.xcconfig"; path = "Target Support Files/Pods-Messenger/Pods-Messenger.debug.xcconfig"; sourceTree = "<group>"; };
		50C59CBEE812151ED6A7860F /* Pods_Messenger.framework */ = {isa = PBXFileReference; explicitFileType = wrapper.framework; includeInIndex = 0; path = Pods_Messenger.framework; sourceTree = BUILT_PRODUCTS_DIR; };
		741412422453592E0059E0A6 /* Messenger.app */ = {isa = PBXFileReference; explicitFileType = wrapper.application; includeInIndex = 0; path = Messenger.app; sourceTree = BUILT_PRODUCTS_DIR; };
		741412452453592E0059E0A6 /* AppDelegate.swift */ = {isa = PBXFileReference; lastKnownFileType = sourcecode.swift; path = AppDelegate.swift; sourceTree = "<group>"; };
		741412472453592E0059E0A6 /* SceneDelegate.swift */ = {isa = PBXFileReference; lastKnownFileType = sourcecode.swift; path = SceneDelegate.swift; sourceTree = "<group>"; };
		741412492453592E0059E0A6 /* MessagesController.swift */ = {isa = PBXFileReference; lastKnownFileType = sourcecode.swift; path = MessagesController.swift; sourceTree = "<group>"; };
		7414124C2453592E0059E0A6 /* Base */ = {isa = PBXFileReference; lastKnownFileType = file.storyboard; name = Base; path = Base.lproj/Main.storyboard; sourceTree = "<group>"; };
		7414124E245359350059E0A6 /* Assets.xcassets */ = {isa = PBXFileReference; lastKnownFileType = folder.assetcatalog; path = Assets.xcassets; sourceTree = "<group>"; };
		74141251245359350059E0A6 /* Base */ = {isa = PBXFileReference; lastKnownFileType = file.storyboard; name = Base; path = Base.lproj/LaunchScreen.storyboard; sourceTree = "<group>"; };
		74141253245359350059E0A6 /* Info.plist */ = {isa = PBXFileReference; lastKnownFileType = text.plist.xml; path = Info.plist; sourceTree = "<group>"; };
		74141259245362560059E0A6 /* LoginController.swift */ = {isa = PBXFileReference; lastKnownFileType = sourcecode.swift; path = LoginController.swift; sourceTree = "<group>"; };
		7414125B2453673A0059E0A6 /* GoogleService-Info.plist */ = {isa = PBXFileReference; fileEncoding = 4; lastKnownFileType = text.plist.xml; path = "GoogleService-Info.plist"; sourceTree = "<group>"; };
		7414125D245367990059E0A6 /* LoginController+handlers.swift */ = {isa = PBXFileReference; lastKnownFileType = sourcecode.swift; path = "LoginController+handlers.swift"; sourceTree = "<group>"; };
		74141261245368270059E0A6 /* Extensions.swift */ = {isa = PBXFileReference; lastKnownFileType = sourcecode.swift; path = Extensions.swift; sourceTree = "<group>"; };
		74141266245368770059E0A6 /* User.swift */ = {isa = PBXFileReference; lastKnownFileType = sourcecode.swift; path = User.swift; sourceTree = "<group>"; };
		74141269245369DE0059E0A6 /* NewMessageController.swift */ = {isa = PBXFileReference; lastKnownFileType = sourcecode.swift; path = NewMessageController.swift; sourceTree = "<group>"; };
		7414126E24538C130059E0A6 /* UserCell.swift */ = {isa = PBXFileReference; lastKnownFileType = sourcecode.swift; path = UserCell.swift; sourceTree = "<group>"; };
		741412702453956B0059E0A6 /* Message.swift */ = {isa = PBXFileReference; lastKnownFileType = sourcecode.swift; path = Message.swift; sourceTree = "<group>"; };
		74141272245435DA0059E0A6 /* ChatLogController.swift */ = {isa = PBXFileReference; lastKnownFileType = sourcecode.swift; path = ChatLogController.swift; sourceTree = "<group>"; };
		74141274245468A30059E0A6 /* MessageCell.swift */ = {isa = PBXFileReference; lastKnownFileType = sourcecode.swift; path = MessageCell.swift; sourceTree = "<group>"; };
		74E8F800245F12EA00B51A31 /* TutorialScreenViewController.swift */ = {isa = PBXFileReference; lastKnownFileType = sourcecode.swift; path = TutorialScreenViewController.swift; sourceTree = "<group>"; };
		74E8F80B245F143900B51A31 /* TutorialCell.swift */ = {isa = PBXFileReference; lastKnownFileType = sourcecode.swift; path = TutorialCell.swift; sourceTree = "<group>"; };
		74E8F80E245F245400B51A31 /* settings.json */ = {isa = PBXFileReference; fileEncoding = 4; lastKnownFileType = text.json; path = settings.json; sourceTree = "<group>"; };
		74E8F80F245F245600B51A31 /* task.json */ = {isa = PBXFileReference; fileEncoding = 4; lastKnownFileType = text.json; path = task.json; sourceTree = "<group>"; };
		74E8F810245F245900B51A31 /* working.json */ = {isa = PBXFileReference; fileEncoding = 4; lastKnownFileType = text.json; path = working.json; sourceTree = "<group>"; };
		74E8F814245F248500B51A31 /* management.json */ = {isa = PBXFileReference; fileEncoding = 4; lastKnownFileType = text.json; path = management.json; sourceTree = "<group>"; };
		74E8F815245F248800B51A31 /* chart.json */ = {isa = PBXFileReference; fileEncoding = 4; lastKnownFileType = text.json; path = chart.json; sourceTree = "<group>"; };
		74E8F816245F248A00B51A31 /* analytics.json */ = {isa = PBXFileReference; fileEncoding = 4; lastKnownFileType = text.json; path = analytics.json; sourceTree = "<group>"; };
		74E8F817245F248C00B51A31 /* completingTasks.json */ = {isa = PBXFileReference; fileEncoding = 4; lastKnownFileType = text.json; path = completingTasks.json; sourceTree = "<group>"; };
		74E8F818245F248F00B51A31 /* editing.json */ = {isa = PBXFileReference; fileEncoding = 4; lastKnownFileType = text.json; path = editing.json; sourceTree = "<group>"; };
		A998C4364D36675B69DA8086 /* Pods-Messenger.release.xcconfig */ = {isa = PBXFileReference; includeInIndex = 1; lastKnownFileType = text.xcconfig; name = "Pods-Messenger.release.xcconfig"; path = "Target Support Files/Pods-Messenger/Pods-Messenger.release.xcconfig"; sourceTree = "<group>"; };
/* End PBXFileReference section */

/* Begin PBXFrameworksBuildPhase section */
		7414123F2453592E0059E0A6 /* Frameworks */ = {
			isa = PBXFrameworksBuildPhase;
			buildActionMask = 2147483647;
			files = (
				AA70265EA6A1F7925951172D /* Pods_Messenger.framework in Frameworks */,
			);
			runOnlyForDeploymentPostprocessing = 0;
		};
/* End PBXFrameworksBuildPhase section */

/* Begin PBXGroup section */
		2E74C5A11D1EFFC9AEAC2884 /* Frameworks */ = {
			isa = PBXGroup;
			children = (
				50C59CBEE812151ED6A7860F /* Pods_Messenger.framework */,
			);
			name = Frameworks;
			sourceTree = "<group>";
		};
		741412392453592E0059E0A6 = {
			isa = PBXGroup;
			children = (
				741412442453592E0059E0A6 /* Messenger */,
				741412432453592E0059E0A6 /* Products */,
				C6E7F9482CFFFA1CD269A327 /* Pods */,
				2E74C5A11D1EFFC9AEAC2884 /* Frameworks */,
			);
			sourceTree = "<group>";
		};
		741412432453592E0059E0A6 /* Products */ = {
			isa = PBXGroup;
			children = (
				741412422453592E0059E0A6 /* Messenger.app */,
			);
			name = Products;
			sourceTree = "<group>";
		};
		741412442453592E0059E0A6 /* Messenger */ = {
			isa = PBXGroup;
			children = (
				7414125F245368040059E0A6 /* Helpers */,
				74E8F80D245F240A00B51A31 /* Animations JSON */,
				74141263245368470059E0A6 /* Model */,
				7414126D24538BB90059E0A6 /* View */,
				74141268245369A80059E0A6 /* Controller */,
				7414124B2453592E0059E0A6 /* Main.storyboard */,
				7414124E245359350059E0A6 /* Assets.xcassets */,
				74141250245359350059E0A6 /* LaunchScreen.storyboard */,
				7414125B2453673A0059E0A6 /* GoogleService-Info.plist */,
				74141253245359350059E0A6 /* Info.plist */,
			);
			path = Messenger;
			sourceTree = "<group>";
		};
		7414125F245368040059E0A6 /* Helpers */ = {
			isa = PBXGroup;
			children = (
				741412452453592E0059E0A6 /* AppDelegate.swift */,
				741412472453592E0059E0A6 /* SceneDelegate.swift */,
				74141261245368270059E0A6 /* Extensions.swift */,
			);
			path = Helpers;
			sourceTree = "<group>";
		};
		74141263245368470059E0A6 /* Model */ = {
			isa = PBXGroup;
			children = (
				74141266245368770059E0A6 /* User.swift */,
				741412702453956B0059E0A6 /* Message.swift */,
			);
			path = Model;
			sourceTree = "<group>";
		};
		74141268245369A80059E0A6 /* Controller */ = {
			isa = PBXGroup;
			children = (
				74E8F800245F12EA00B51A31 /* TutorialScreenViewController.swift */,
				74141259245362560059E0A6 /* LoginController.swift */,
				7414125D245367990059E0A6 /* LoginController+handlers.swift */,
				741412492453592E0059E0A6 /* MessagesController.swift */,
				74141272245435DA0059E0A6 /* ChatLogController.swift */,
				74141269245369DE0059E0A6 /* NewMessageController.swift */,
			);
			path = Controller;
			sourceTree = "<group>";
		};
		7414126D24538BB90059E0A6 /* View */ = {
			isa = PBXGroup;
			children = (
				7414126E24538C130059E0A6 /* UserCell.swift */,
				74E8F80B245F143900B51A31 /* TutorialCell.swift */,
				74141274245468A30059E0A6 /* MessageCell.swift */,
			);
			path = View;
			sourceTree = "<group>";
		};
		74E8F80D245F240A00B51A31 /* Animations JSON */ = {
			isa = PBXGroup;
			children = (
				74E8F80E245F245400B51A31 /* settings.json */,
				74E8F80F245F245600B51A31 /* task.json */,
				74E8F816245F248A00B51A31 /* analytics.json */,
				74E8F815245F248800B51A31 /* chart.json */,
				74E8F817245F248C00B51A31 /* completingTasks.json */,
				74E8F818245F248F00B51A31 /* editing.json */,
				74E8F814245F248500B51A31 /* management.json */,
				74E8F810245F245900B51A31 /* working.json */,
			);
			path = "Animations JSON";
			sourceTree = "<group>";
		};
		C6E7F9482CFFFA1CD269A327 /* Pods */ = {
			isa = PBXGroup;
			children = (
				4427FC9521623E420F541FB1 /* Pods-Messenger.debug.xcconfig */,
				A998C4364D36675B69DA8086 /* Pods-Messenger.release.xcconfig */,
			);
			path = Pods;
			sourceTree = "<group>";
		};
/* End PBXGroup section */

/* Begin PBXNativeTarget section */
		741412412453592E0059E0A6 /* Messenger */ = {
			isa = PBXNativeTarget;
			buildConfigurationList = 74141256245359350059E0A6 /* Build configuration list for PBXNativeTarget "Messenger" */;
			buildPhases = (
				79A254178C76364350128CC6 /* [CP] Check Pods Manifest.lock */,
				7414123E2453592E0059E0A6 /* Sources */,
				7414123F2453592E0059E0A6 /* Frameworks */,
				741412402453592E0059E0A6 /* Resources */,
				54A24AB25CDC05049BB4550F /* [CP] Embed Pods Frameworks */,
			);
			buildRules = (
			);
			dependencies = (
			);
			name = Messenger;
			productName = Messenger;
			productReference = 741412422453592E0059E0A6 /* Messenger.app */;
			productType = "com.apple.product-type.application";
		};
/* End PBXNativeTarget section */

/* Begin PBXProject section */
		7414123A2453592E0059E0A6 /* Project object */ = {
			isa = PBXProject;
			attributes = {
				LastSwiftUpdateCheck = 1140;
				LastUpgradeCheck = 1140;
				ORGANIZATIONNAME = "Krishnil Bhojani";
				TargetAttributes = {
					741412412453592E0059E0A6 = {
						CreatedOnToolsVersion = 11.4;
					};
				};
			};
			buildConfigurationList = 7414123D2453592E0059E0A6 /* Build configuration list for PBXProject "Messenger" */;
			compatibilityVersion = "Xcode 9.3";
			developmentRegion = en;
			hasScannedForEncodings = 0;
			knownRegions = (
				en,
				Base,
			);
			mainGroup = 741412392453592E0059E0A6;
			productRefGroup = 741412432453592E0059E0A6 /* Products */;
			projectDirPath = "";
			projectRoot = "";
			targets = (
				741412412453592E0059E0A6 /* Messenger */,
			);
		};
/* End PBXProject section */

/* Begin PBXResourcesBuildPhase section */
		741412402453592E0059E0A6 /* Resources */ = {
			isa = PBXResourcesBuildPhase;
			buildActionMask = 2147483647;
			files = (
				74E8F81A245F248F00B51A31 /* chart.json in Resources */,
				74E8F813245F245900B51A31 /* working.json in Resources */,
				74141252245359350059E0A6 /* LaunchScreen.storyboard in Resources */,
				7414125C2453673A0059E0A6 /* GoogleService-Info.plist in Resources */,
				74E8F81D245F248F00B51A31 /* editing.json in Resources */,
				74E8F812245F245900B51A31 /* task.json in Resources */,
				74E8F81C245F248F00B51A31 /* completingTasks.json in Resources */,
				74E8F819245F248F00B51A31 /* management.json in Resources */,
				7414124F245359350059E0A6 /* Assets.xcassets in Resources */,
				74E8F811245F245900B51A31 /* settings.json in Resources */,
				74E8F81B245F248F00B51A31 /* analytics.json in Resources */,
				7414124D2453592E0059E0A6 /* Main.storyboard in Resources */,
			);
			runOnlyForDeploymentPostprocessing = 0;
		};
/* End PBXResourcesBuildPhase section */

/* Begin PBXShellScriptBuildPhase section */
		54A24AB25CDC05049BB4550F /* [CP] Embed Pods Frameworks */ = {
			isa = PBXShellScriptBuildPhase;
			buildActionMask = 2147483647;
			files = (
			);
			inputFileListPaths = (
				"${PODS_ROOT}/Target Support Files/Pods-Messenger/Pods-Messenger-frameworks-${CONFIGURATION}-input-files.xcfilelist",
			);
			name = "[CP] Embed Pods Frameworks";
			outputFileListPaths = (
				"${PODS_ROOT}/Target Support Files/Pods-Messenger/Pods-Messenger-frameworks-${CONFIGURATION}-output-files.xcfilelist",
			);
			runOnlyForDeploymentPostprocessing = 0;
			shellPath = /bin/sh;
			shellScript = "\"${PODS_ROOT}/Target Support Files/Pods-Messenger/Pods-Messenger-frameworks.sh\"\n";
			showEnvVarsInLog = 0;
		};
		79A254178C76364350128CC6 /* [CP] Check Pods Manifest.lock */ = {
			isa = PBXShellScriptBuildPhase;
			buildActionMask = 2147483647;
			files = (
			);
			inputFileListPaths = (
			);
			inputPaths = (
				"${PODS_PODFILE_DIR_PATH}/Podfile.lock",
				"${PODS_ROOT}/Manifest.lock",
			);
			name = "[CP] Check Pods Manifest.lock";
			outputFileListPaths = (
			);
			outputPaths = (
				"$(DERIVED_FILE_DIR)/Pods-Messenger-checkManifestLockResult.txt",
			);
			runOnlyForDeploymentPostprocessing = 0;
			shellPath = /bin/sh;
			shellScript = "diff \"${PODS_PODFILE_DIR_PATH}/Podfile.lock\" \"${PODS_ROOT}/Manifest.lock\" > /dev/null\nif [ $? != 0 ] ; then\n    # print error to STDERR\n    echo \"error: The sandbox is not in sync with the Podfile.lock. Run 'pod install' or update your CocoaPods installation.\" >&2\n    exit 1\nfi\n# This output is used by Xcode 'outputs' to avoid re-running this script phase.\necho \"SUCCESS\" > \"${SCRIPT_OUTPUT_FILE_0}\"\n";
			showEnvVarsInLog = 0;
		};
/* End PBXShellScriptBuildPhase section */

/* Begin PBXSourcesBuildPhase section */
		7414123E2453592E0059E0A6 /* Sources */ = {
			isa = PBXSourcesBuildPhase;
			buildActionMask = 2147483647;
			files = (
				7414126A245369DE0059E0A6 /* NewMessageController.swift in Sources */,
				7414124A2453592E0059E0A6 /* MessagesController.swift in Sources */,
				74141273245435DA0059E0A6 /* ChatLogController.swift in Sources */,
				74E8F801245F12EA00B51A31 /* TutorialScreenViewController.swift in Sources */,
				74141262245368270059E0A6 /* Extensions.swift in Sources */,
				7414125A245362560059E0A6 /* LoginController.swift in Sources */,
				74141275245468A30059E0A6 /* MessageCell.swift in Sources */,
				74E8F80C245F143900B51A31 /* TutorialCell.swift in Sources */,
				741412462453592E0059E0A6 /* AppDelegate.swift in Sources */,
				7414126F24538C130059E0A6 /* UserCell.swift in Sources */,
				741412482453592E0059E0A6 /* SceneDelegate.swift in Sources */,
				741412712453956B0059E0A6 /* Message.swift in Sources */,
				7414125E245367990059E0A6 /* LoginController+handlers.swift in Sources */,
				74141267245368770059E0A6 /* User.swift in Sources */,
			);
			runOnlyForDeploymentPostprocessing = 0;
		};
/* End PBXSourcesBuildPhase section */

/* Begin PBXVariantGroup section */
		7414124B2453592E0059E0A6 /* Main.storyboard */ = {
			isa = PBXVariantGroup;
			children = (
				7414124C2453592E0059E0A6 /* Base */,
			);
			name = Main.storyboard;
			sourceTree = "<group>";
		};
		74141250245359350059E0A6 /* LaunchScreen.storyboard */ = {
			isa = PBXVariantGroup;
			children = (
				74141251245359350059E0A6 /* Base */,
			);
			name = LaunchScreen.storyboard;
			sourceTree = "<group>";
		};
/* End PBXVariantGroup section */

/* Begin XCBuildConfiguration section */
		74141254245359350059E0A6 /* Debug */ = {
			isa = XCBuildConfiguration;
			buildSettings = {
				ALWAYS_SEARCH_USER_PATHS = NO;
				CLANG_ANALYZER_NONNULL = YES;
				CLANG_ANALYZER_NUMBER_OBJECT_CONVERSION = YES_AGGRESSIVE;
				CLANG_CXX_LANGUAGE_STANDARD = "gnu++14";
				CLANG_CXX_LIBRARY = "libc++";
				CLANG_ENABLE_MODULES = YES;
				CLANG_ENABLE_OBJC_ARC = YES;
				CLANG_ENABLE_OBJC_WEAK = YES;
				CLANG_WARN_BLOCK_CAPTURE_AUTORELEASING = YES;
				CLANG_WARN_BOOL_CONVERSION = YES;
				CLANG_WARN_COMMA = YES;
				CLANG_WARN_CONSTANT_CONVERSION = YES;
				CLANG_WARN_DEPRECATED_OBJC_IMPLEMENTATIONS = YES;
				CLANG_WARN_DIRECT_OBJC_ISA_USAGE = YES_ERROR;
				CLANG_WARN_DOCUMENTATION_COMMENTS = YES;
				CLANG_WARN_EMPTY_BODY = YES;
				CLANG_WARN_ENUM_CONVERSION = YES;
				CLANG_WARN_INFINITE_RECURSION = YES;
				CLANG_WARN_INT_CONVERSION = YES;
				CLANG_WARN_NON_LITERAL_NULL_CONVERSION = YES;
				CLANG_WARN_OBJC_IMPLICIT_RETAIN_SELF = YES;
				CLANG_WARN_OBJC_LITERAL_CONVERSION = YES;
				CLANG_WARN_OBJC_ROOT_CLASS = YES_ERROR;
				CLANG_WARN_RANGE_LOOP_ANALYSIS = YES;
				CLANG_WARN_STRICT_PROTOTYPES = YES;
				CLANG_WARN_SUSPICIOUS_MOVE = YES;
				CLANG_WARN_UNGUARDED_AVAILABILITY = YES_AGGRESSIVE;
				CLANG_WARN_UNREACHABLE_CODE = YES;
				CLANG_WARN__DUPLICATE_METHOD_MATCH = YES;
				COPY_PHASE_STRIP = NO;
				DEBUG_INFORMATION_FORMAT = dwarf;
				ENABLE_STRICT_OBJC_MSGSEND = YES;
				ENABLE_TESTABILITY = YES;
				GCC_C_LANGUAGE_STANDARD = gnu11;
				GCC_DYNAMIC_NO_PIC = NO;
				GCC_NO_COMMON_BLOCKS = YES;
				GCC_OPTIMIZATION_LEVEL = 0;
				GCC_PREPROCESSOR_DEFINITIONS = (
					"DEBUG=1",
					"$(inherited)",
				);
				GCC_WARN_64_TO_32_BIT_CONVERSION = YES;
				GCC_WARN_ABOUT_RETURN_TYPE = YES_ERROR;
				GCC_WARN_UNDECLARED_SELECTOR = YES;
				GCC_WARN_UNINITIALIZED_AUTOS = YES_AGGRESSIVE;
				GCC_WARN_UNUSED_FUNCTION = YES;
				GCC_WARN_UNUSED_VARIABLE = YES;
				IPHONEOS_DEPLOYMENT_TARGET = 13.4;
				MTL_ENABLE_DEBUG_INFO = INCLUDE_SOURCE;
				MTL_FAST_MATH = YES;
				ONLY_ACTIVE_ARCH = YES;
				SDKROOT = iphoneos;
				SWIFT_ACTIVE_COMPILATION_CONDITIONS = DEBUG;
				SWIFT_OPTIMIZATION_LEVEL = "-Onone";
			};
			name = Debug;
		};
		74141255245359350059E0A6 /* Release */ = {
			isa = XCBuildConfiguration;
			buildSettings = {
				ALWAYS_SEARCH_USER_PATHS = NO;
				CLANG_ANALYZER_NONNULL = YES;
				CLANG_ANALYZER_NUMBER_OBJECT_CONVERSION = YES_AGGRESSIVE;
				CLANG_CXX_LANGUAGE_STANDARD = "gnu++14";
				CLANG_CXX_LIBRARY = "libc++";
				CLANG_ENABLE_MODULES = YES;
				CLANG_ENABLE_OBJC_ARC = YES;
				CLANG_ENABLE_OBJC_WEAK = YES;
				CLANG_WARN_BLOCK_CAPTURE_AUTORELEASING = YES;
				CLANG_WARN_BOOL_CONVERSION = YES;
				CLANG_WARN_COMMA = YES;
				CLANG_WARN_CONSTANT_CONVERSION = YES;
				CLANG_WARN_DEPRECATED_OBJC_IMPLEMENTATIONS = YES;
				CLANG_WARN_DIRECT_OBJC_ISA_USAGE = YES_ERROR;
				CLANG_WARN_DOCUMENTATION_COMMENTS = YES;
				CLANG_WARN_EMPTY_BODY = YES;
				CLANG_WARN_ENUM_CONVERSION = YES;
				CLANG_WARN_INFINITE_RECURSION = YES;
				CLANG_WARN_INT_CONVERSION = YES;
				CLANG_WARN_NON_LITERAL_NULL_CONVERSION = YES;
				CLANG_WARN_OBJC_IMPLICIT_RETAIN_SELF = YES;
				CLANG_WARN_OBJC_LITERAL_CONVERSION = YES;
				CLANG_WARN_OBJC_ROOT_CLASS = YES_ERROR;
				CLANG_WARN_RANGE_LOOP_ANALYSIS = YES;
				CLANG_WARN_STRICT_PROTOTYPES = YES;
				CLANG_WARN_SUSPICIOUS_MOVE = YES;
				CLANG_WARN_UNGUARDED_AVAILABILITY = YES_AGGRESSIVE;
				CLANG_WARN_UNREACHABLE_CODE = YES;
				CLANG_WARN__DUPLICATE_METHOD_MATCH = YES;
				COPY_PHASE_STRIP = NO;
				DEBUG_INFORMATION_FORMAT = "dwarf-with-dsym";
				ENABLE_NS_ASSERTIONS = NO;
				ENABLE_STRICT_OBJC_MSGSEND = YES;
				GCC_C_LANGUAGE_STANDARD = gnu11;
				GCC_NO_COMMON_BLOCKS = YES;
				GCC_WARN_64_TO_32_BIT_CONVERSION = YES;
				GCC_WARN_ABOUT_RETURN_TYPE = YES_ERROR;
				GCC_WARN_UNDECLARED_SELECTOR = YES;
				GCC_WARN_UNINITIALIZED_AUTOS = YES_AGGRESSIVE;
				GCC_WARN_UNUSED_FUNCTION = YES;
				GCC_WARN_UNUSED_VARIABLE = YES;
				IPHONEOS_DEPLOYMENT_TARGET = 13.4;
				MTL_ENABLE_DEBUG_INFO = NO;
				MTL_FAST_MATH = YES;
				SDKROOT = iphoneos;
				SWIFT_COMPILATION_MODE = wholemodule;
				SWIFT_OPTIMIZATION_LEVEL = "-O";
				VALIDATE_PRODUCT = YES;
			};
			name = Release;
		};
		74141257245359350059E0A6 /* Debug */ = {
			isa = XCBuildConfiguration;
			baseConfigurationReference = 4427FC9521623E420F541FB1 /* Pods-Messenger.debug.xcconfig */;
			buildSettings = {
				ASSETCATALOG_COMPILER_APPICON_NAME = AppIcon;
				CODE_SIGN_STYLE = Automatic;
				DEVELOPMENT_TEAM = C2VNGGX9YQ;
				INFOPLIST_FILE = Messenger/Info.plist;
				LD_RUNPATH_SEARCH_PATHS = (
					"$(inherited)",
					"@executable_path/Frameworks",
				);
				PRODUCT_BUNDLE_IDENTIFIER = com.krishnilbhojani.Messenger;
				PRODUCT_NAME = "$(TARGET_NAME)";
				SWIFT_VERSION = 5.0;
				TARGETED_DEVICE_FAMILY = "1,2";
			};
			name = Debug;
		};
		74141258245359350059E0A6 /* Release */ = {
			isa = XCBuildConfiguration;
			baseConfigurationReference = A998C4364D36675B69DA8086 /* Pods-Messenger.release.xcconfig */;
			buildSettings = {
				ASSETCATALOG_COMPILER_APPICON_NAME = AppIcon;
				CODE_SIGN_STYLE = Automatic;
				DEVELOPMENT_TEAM = C2VNGGX9YQ;
				INFOPLIST_FILE = Messenger/Info.plist;
				LD_RUNPATH_SEARCH_PATHS = (
					"$(inherited)",
					"@executable_path/Frameworks",
				);
				PRODUCT_BUNDLE_IDENTIFIER = com.krishnilbhojani.Messenger;
				PRODUCT_NAME = "$(TARGET_NAME)";
				SWIFT_VERSION = 5.0;
				TARGETED_DEVICE_FAMILY = "1,2";
			};
			name = Release;
		};
/* End XCBuildConfiguration section */

/* Begin XCConfigurationList section */
		7414123D2453592E0059E0A6 /* Build configuration list for PBXProject "Messenger" */ = {
			isa = XCConfigurationList;
			buildConfigurations = (
				74141254245359350059E0A6 /* Debug */,
				74141255245359350059E0A6 /* Release */,
			);
			defaultConfigurationIsVisible = 0;
			defaultConfigurationName = Release;
		};
		74141256245359350059E0A6 /* Build configuration list for PBXNativeTarget "Messenger" */ = {
			isa = XCConfigurationList;
			buildConfigurations = (
				74141257245359350059E0A6 /* Debug */,
				74141258245359350059E0A6 /* Release */,
			);
			defaultConfigurationIsVisible = 0;
			defaultConfigurationName = Release;
		};
/* End XCConfigurationList section */
	};
	rootObject = 7414123A2453592E0059E0A6 /* Project object */;
}
